// !$*UTF8*$!
{
	archiveVersion = 1;
	classes = {
	};
	objectVersion = 50;
	objects = {

/* Begin PBXBuildFile section */
		420F0D7D26CC3606009B1FD0 /* Place.swift in Sources */ = {isa = PBXBuildFile; fileRef = 420F0D7C26CC3606009B1FD0 /* Place.swift */; };
		425016EA26CC2D0F003F0408 /* MainViewController.swift in Sources */ = {isa = PBXBuildFile; fileRef = 425016E826CC2D0F003F0408 /* MainViewController.swift */; };
		425016EB26CC2D0F003F0408 /* MainViewController.xib in Resources */ = {isa = PBXBuildFile; fileRef = 425016E926CC2D0F003F0408 /* MainViewController.xib */; };
		425B429626D1A0870007AB96 /* DetailViewController.swift in Sources */ = {isa = PBXBuildFile; fileRef = 425B429426D1A0870007AB96 /* DetailViewController.swift */; };
		425B429726D1A0870007AB96 /* DetailViewController.xib in Resources */ = {isa = PBXBuildFile; fileRef = 425B429526D1A0870007AB96 /* DetailViewController.xib */; };
		427EA0CB26CEFF4800B095A6 /* Trip.swift in Sources */ = {isa = PBXBuildFile; fileRef = 427EA0CA26CEFF4800B095A6 /* Trip.swift */; };
		427EA0CE26CEFF7F00B095A6 /* Note.swift in Sources */ = {isa = PBXBuildFile; fileRef = 427EA0CD26CEFF7F00B095A6 /* Note.swift */; };
		4280063126D065EE000EE137 /* Initializer.swift in Sources */ = {isa = PBXBuildFile; fileRef = 4280063026D065EE000EE137 /* Initializer.swift */; };
		428161F326D013D900E4BED5 /* Item.swift in Sources */ = {isa = PBXBuildFile; fileRef = 428161F226D013D900E4BED5 /* Item.swift */; };
		428161F726D01AFE00E4BED5 /* ItemsViewModel.swift in Sources */ = {isa = PBXBuildFile; fileRef = 428161F626D01AFE00E4BED5 /* ItemsViewModel.swift */; };
		42EFB06A26CB0050006DD74A /* AppDelegate.swift in Sources */ = {isa = PBXBuildFile; fileRef = 42EFB06926CB0050006DD74A /* AppDelegate.swift */; };
		42EFB06C26CB0050006DD74A /* SceneDelegate.swift in Sources */ = {isa = PBXBuildFile; fileRef = 42EFB06B26CB0050006DD74A /* SceneDelegate.swift */; };
		42EFB07326CB0051006DD74A /* Assets.xcassets in Resources */ = {isa = PBXBuildFile; fileRef = 42EFB07226CB0051006DD74A /* Assets.xcassets */; };
		42EFB07626CB0051006DD74A /* LaunchScreen.storyboard in Resources */ = {isa = PBXBuildFile; fileRef = 42EFB07426CB0051006DD74A /* LaunchScreen.storyboard */; };
/* End PBXBuildFile section */

/* Begin PBXFileReference section */
		420F0D7C26CC3606009B1FD0 /* Place.swift */ = {isa = PBXFileReference; lastKnownFileType = sourcecode.swift; path = Place.swift; sourceTree = "<group>"; };
		425016E826CC2D0F003F0408 /* MainViewController.swift */ = {isa = PBXFileReference; lastKnownFileType = sourcecode.swift; path = MainViewController.swift; sourceTree = "<group>"; };
		425016E926CC2D0F003F0408 /* MainViewController.xib */ = {isa = PBXFileReference; lastKnownFileType = file.xib; path = MainViewController.xib; sourceTree = "<group>"; };
		425B429426D1A0870007AB96 /* DetailViewController.swift */ = {isa = PBXFileReference; lastKnownFileType = sourcecode.swift; path = DetailViewController.swift; sourceTree = "<group>"; };
		425B429526D1A0870007AB96 /* DetailViewController.xib */ = {isa = PBXFileReference; lastKnownFileType = file.xib; path = DetailViewController.xib; sourceTree = "<group>"; };
		427EA0CA26CEFF4800B095A6 /* Trip.swift */ = {isa = PBXFileReference; lastKnownFileType = sourcecode.swift; path = Trip.swift; sourceTree = "<group>"; };
		427EA0CD26CEFF7F00B095A6 /* Note.swift */ = {isa = PBXFileReference; lastKnownFileType = sourcecode.swift; path = Note.swift; sourceTree = "<group>"; };
		4280063026D065EE000EE137 /* Initializer.swift */ = {isa = PBXFileReference; lastKnownFileType = sourcecode.swift; path = Initializer.swift; sourceTree = "<group>"; };
		428161F226D013D900E4BED5 /* Item.swift */ = {isa = PBXFileReference; lastKnownFileType = sourcecode.swift; path = Item.swift; sourceTree = "<group>"; };
		428161F626D01AFE00E4BED5 /* ItemsViewModel.swift */ = {isa = PBXFileReference; lastKnownFileType = sourcecode.swift; path = ItemsViewModel.swift; sourceTree = "<group>"; };
		42EFB06626CB0050006DD74A /* Next-Stop.app */ = {isa = PBXFileReference; explicitFileType = wrapper.application; includeInIndex = 0; path = "Next-Stop.app"; sourceTree = BUILT_PRODUCTS_DIR; };
		42EFB06926CB0050006DD74A /* AppDelegate.swift */ = {isa = PBXFileReference; lastKnownFileType = sourcecode.swift; path = AppDelegate.swift; sourceTree = "<group>"; };
		42EFB06B26CB0050006DD74A /* SceneDelegate.swift */ = {isa = PBXFileReference; lastKnownFileType = sourcecode.swift; path = SceneDelegate.swift; sourceTree = "<group>"; };
		42EFB07226CB0051006DD74A /* Assets.xcassets */ = {isa = PBXFileReference; lastKnownFileType = folder.assetcatalog; path = Assets.xcassets; sourceTree = "<group>"; };
		42EFB07526CB0051006DD74A /* Base */ = {isa = PBXFileReference; lastKnownFileType = file.storyboard; name = Base; path = Base.lproj/LaunchScreen.storyboard; sourceTree = "<group>"; };
		42EFB07726CB0051006DD74A /* Info.plist */ = {isa = PBXFileReference; lastKnownFileType = text.plist.xml; path = Info.plist; sourceTree = "<group>"; };
/* End PBXFileReference section */

/* Begin PBXFrameworksBuildPhase section */
		42EFB06326CB0050006DD74A /* Frameworks */ = {
			isa = PBXFrameworksBuildPhase;
			buildActionMask = 2147483647;
			files = (
			);
			runOnlyForDeploymentPostprocessing = 0;
		};
/* End PBXFrameworksBuildPhase section */

/* Begin PBXGroup section */
		425016ED26CC2E88003F0408 /* Controllers */ = {
			isa = PBXGroup;
			children = (
				425016E826CC2D0F003F0408 /* MainViewController.swift */,
				425B429426D1A0870007AB96 /* DetailViewController.swift */,
			);
			path = Controllers;
			sourceTree = "<group>";
		};
		425016EE26CC2E90003F0408 /* Views */ = {
			isa = PBXGroup;
			children = (
				425016E926CC2D0F003F0408 /* MainViewController.xib */,
				425B429526D1A0870007AB96 /* DetailViewController.xib */,
			);
			path = Views;
			sourceTree = "<group>";
		};
		425016EF26CC2E95003F0408 /* Models */ = {
			isa = PBXGroup;
			children = (
				428161F226D013D900E4BED5 /* Item.swift */,
				420F0D7C26CC3606009B1FD0 /* Place.swift */,
				427EA0CA26CEFF4800B095A6 /* Trip.swift */,
				427EA0CD26CEFF7F00B095A6 /* Note.swift */,
			);
			path = Models;
			sourceTree = "<group>";
		};
		425016F026CC2F4D003F0408 /* ViewModels */ = {
			isa = PBXGroup;
			children = (
				428161F626D01AFE00E4BED5 /* ItemsViewModel.swift */,
			);
			path = ViewModels;
			sourceTree = "<group>";
		};
		42EFB05D26CB0050006DD74A = {
			isa = PBXGroup;
			children = (
				42EFB06826CB0050006DD74A /* Next-Stop */,
				42EFB06726CB0050006DD74A /* Products */,
			);
			sourceTree = "<group>";
		};
		42EFB06726CB0050006DD74A /* Products */ = {
			isa = PBXGroup;
			children = (
				42EFB06626CB0050006DD74A /* Next-Stop.app */,
			);
			name = Products;
			sourceTree = "<group>";
		};
		42EFB06826CB0050006DD74A /* Next-Stop */ = {
			isa = PBXGroup;
			children = (
				425016EF26CC2E95003F0408 /* Models */,
				425016EE26CC2E90003F0408 /* Views */,
				425016F026CC2F4D003F0408 /* ViewModels */,
				425016ED26CC2E88003F0408 /* Controllers */,
				42EFB06926CB0050006DD74A /* AppDelegate.swift */,
				42EFB06B26CB0050006DD74A /* SceneDelegate.swift */,
				4280063026D065EE000EE137 /* Initializer.swift */,
				42EFB07226CB0051006DD74A /* Assets.xcassets */,
				42EFB07426CB0051006DD74A /* LaunchScreen.storyboard */,
				42EFB07726CB0051006DD74A /* Info.plist */,
			);
			path = "Next-Stop";
			sourceTree = "<group>";
		};
/* End PBXGroup section */

/* Begin PBXNativeTarget section */
		42EFB06526CB0050006DD74A /* Next-Stop */ = {
			isa = PBXNativeTarget;
			buildConfigurationList = 42EFB07A26CB0051006DD74A /* Build configuration list for PBXNativeTarget "Next-Stop" */;
			buildPhases = (
				42EFB06226CB0050006DD74A /* Sources */,
				42EFB06326CB0050006DD74A /* Frameworks */,
				42EFB06426CB0050006DD74A /* Resources */,
			);
			buildRules = (
			);
			dependencies = (
			);
			name = "Next-Stop";
			productName = "Next-Stop";
			productReference = 42EFB06626CB0050006DD74A /* Next-Stop.app */;
			productType = "com.apple.product-type.application";
		};
/* End PBXNativeTarget section */

/* Begin PBXProject section */
		42EFB05E26CB0050006DD74A /* Project object */ = {
			isa = PBXProject;
			attributes = {
				LastSwiftUpdateCheck = 1240;
				LastUpgradeCheck = 1240;
				TargetAttributes = {
					42EFB06526CB0050006DD74A = {
						CreatedOnToolsVersion = 12.4;
					};
				};
			};
			buildConfigurationList = 42EFB06126CB0050006DD74A /* Build configuration list for PBXProject "Next-Stop" */;
			compatibilityVersion = "Xcode 9.3";
			developmentRegion = en;
			hasScannedForEncodings = 0;
			knownRegions = (
				en,
				Base,
			);
			mainGroup = 42EFB05D26CB0050006DD74A;
			productRefGroup = 42EFB06726CB0050006DD74A /* Products */;
			projectDirPath = "";
			projectRoot = "";
			targets = (
				42EFB06526CB0050006DD74A /* Next-Stop */,
			);
		};
/* End PBXProject section */

/* Begin PBXResourcesBuildPhase section */
		42EFB06426CB0050006DD74A /* Resources */ = {
			isa = PBXResourcesBuildPhase;
			buildActionMask = 2147483647;
			files = (
				42EFB07626CB0051006DD74A /* LaunchScreen.storyboard in Resources */,
				425016EB26CC2D0F003F0408 /* MainViewController.xib in Resources */,
				42EFB07326CB0051006DD74A /* Assets.xcassets in Resources */,
				425B429726D1A0870007AB96 /* DetailViewController.xib in Resources */,
			);
			runOnlyForDeploymentPostprocessing = 0;
		};
/* End PBXResourcesBuildPhase section */

/* Begin PBXSourcesBuildPhase section */
		42EFB06226CB0050006DD74A /* Sources */ = {
			isa = PBXSourcesBuildPhase;
			buildActionMask = 2147483647;
			files = (
				427EA0CB26CEFF4800B095A6 /* Trip.swift in Sources */,
				427EA0CE26CEFF7F00B095A6 /* Note.swift in Sources */,
				4280063126D065EE000EE137 /* Initializer.swift in Sources */,
				425016EA26CC2D0F003F0408 /* MainViewController.swift in Sources */,
				428161F326D013D900E4BED5 /* Item.swift in Sources */,
				42EFB06A26CB0050006DD74A /* AppDelegate.swift in Sources */,
				42EFB06C26CB0050006DD74A /* SceneDelegate.swift in Sources */,
				425B429626D1A0870007AB96 /* DetailViewController.swift in Sources */,
				420F0D7D26CC3606009B1FD0 /* Place.swift in Sources */,
				428161F726D01AFE00E4BED5 /* ItemsViewModel.swift in Sources */,
			);
			runOnlyForDeploymentPostprocessing = 0;
		};
/* End PBXSourcesBuildPhase section */

/* Begin PBXVariantGroup section */
		42EFB07426CB0051006DD74A /* LaunchScreen.storyboard */ = {
			isa = PBXVariantGroup;
			children = (
				42EFB07526CB0051006DD74A /* Base */,
			);
			name = LaunchScreen.storyboard;
			sourceTree = "<group>";
		};
/* End PBXVariantGroup section */

/* Begin XCBuildConfiguration section */
		42EFB07826CB0051006DD74A /* Debug */ = {
			isa = XCBuildConfiguration;
			buildSettings = {
				ALWAYS_SEARCH_USER_PATHS = NO;
				CLANG_ANALYZER_NONNULL = YES;
				CLANG_ANALYZER_NUMBER_OBJECT_CONVERSION = YES_AGGRESSIVE;
				CLANG_CXX_LANGUAGE_STANDARD = "gnu++14";
				CLANG_CXX_LIBRARY = "libc++";
				CLANG_ENABLE_MODULES = YES;
				CLANG_ENABLE_OBJC_ARC = YES;
				CLANG_ENABLE_OBJC_WEAK = YES;
				CLANG_WARN_BLOCK_CAPTURE_AUTORELEASING = YES;
				CLANG_WARN_BOOL_CONVERSION = YES;
				CLANG_WARN_COMMA = YES;
				CLANG_WARN_CONSTANT_CONVERSION = YES;
				CLANG_WARN_DEPRECATED_OBJC_IMPLEMENTATIONS = YES;
				CLANG_WARN_DIRECT_OBJC_ISA_USAGE = YES_ERROR;
				CLANG_WARN_DOCUMENTATION_COMMENTS = YES;
				CLANG_WARN_EMPTY_BODY = YES;
				CLANG_WARN_ENUM_CONVERSION = YES;
				CLANG_WARN_INFINITE_RECURSION = YES;
				CLANG_WARN_INT_CONVERSION = YES;
				CLANG_WARN_NON_LITERAL_NULL_CONVERSION = YES;
				CLANG_WARN_OBJC_IMPLICIT_RETAIN_SELF = YES;
				CLANG_WARN_OBJC_LITERAL_CONVERSION = YES;
				CLANG_WARN_OBJC_ROOT_CLASS = YES_ERROR;
				CLANG_WARN_QUOTED_INCLUDE_IN_FRAMEWORK_HEADER = YES;
				CLANG_WARN_RANGE_LOOP_ANALYSIS = YES;
				CLANG_WARN_STRICT_PROTOTYPES = YES;
				CLANG_WARN_SUSPICIOUS_MOVE = YES;
				CLANG_WARN_UNGUARDED_AVAILABILITY = YES_AGGRESSIVE;
				CLANG_WARN_UNREACHABLE_CODE = YES;
				CLANG_WARN__DUPLICATE_METHOD_MATCH = YES;
				COPY_PHASE_STRIP = NO;
				DEBUG_INFORMATION_FORMAT = dwarf;
				ENABLE_STRICT_OBJC_MSGSEND = YES;
				ENABLE_TESTABILITY = YES;
				GCC_C_LANGUAGE_STANDARD = gnu11;
				GCC_DYNAMIC_NO_PIC = NO;
				GCC_NO_COMMON_BLOCKS = YES;
				GCC_OPTIMIZATION_LEVEL = 0;
				GCC_PREPROCESSOR_DEFINITIONS = (
					"DEBUG=1",
					"$(inherited)",
				);
				GCC_WARN_64_TO_32_BIT_CONVERSION = YES;
				GCC_WARN_ABOUT_RETURN_TYPE = YES_ERROR;
				GCC_WARN_UNDECLARED_SELECTOR = YES;
				GCC_WARN_UNINITIALIZED_AUTOS = YES_AGGRESSIVE;
				GCC_WARN_UNUSED_FUNCTION = YES;
				GCC_WARN_UNUSED_VARIABLE = YES;
				IPHONEOS_DEPLOYMENT_TARGET = 11.0;
				MTL_ENABLE_DEBUG_INFO = INCLUDE_SOURCE;
				MTL_FAST_MATH = YES;
				ONLY_ACTIVE_ARCH = YES;
				SDKROOT = iphoneos;
				SWIFT_ACTIVE_COMPILATION_CONDITIONS = DEBUG;
				SWIFT_OPTIMIZATION_LEVEL = "-Onone";
			};
			name = Debug;
		};
		42EFB07926CB0051006DD74A /* Release */ = {
			isa = XCBuildConfiguration;
			buildSettings = {
				ALWAYS_SEARCH_USER_PATHS = NO;
				CLANG_ANALYZER_NONNULL = YES;
				CLANG_ANALYZER_NUMBER_OBJECT_CONVERSION = YES_AGGRESSIVE;
				CLANG_CXX_LANGUAGE_STANDARD = "gnu++14";
				CLANG_CXX_LIBRARY = "libc++";
				CLANG_ENABLE_MODULES = YES;
				CLANG_ENABLE_OBJC_ARC = YES;
				CLANG_ENABLE_OBJC_WEAK = YES;
				CLANG_WARN_BLOCK_CAPTURE_AUTORELEASING = YES;
				CLANG_WARN_BOOL_CONVERSION = YES;
				CLANG_WARN_COMMA = YES;
				CLANG_WARN_CONSTANT_CONVERSION = YES;
				CLANG_WARN_DEPRECATED_OBJC_IMPLEMENTATIONS = YES;
				CLANG_WARN_DIRECT_OBJC_ISA_USAGE = YES_ERROR;
				CLANG_WARN_DOCUMENTATION_COMMENTS = YES;
				CLANG_WARN_EMPTY_BODY = YES;
				CLANG_WARN_ENUM_CONVERSION = YES;
				CLANG_WARN_INFINITE_RECURSION = YES;
				CLANG_WARN_INT_CONVERSION = YES;
				CLANG_WARN_NON_LITERAL_NULL_CONVERSION = YES;
				CLANG_WARN_OBJC_IMPLICIT_RETAIN_SELF = YES;
				CLANG_WARN_OBJC_LITERAL_CONVERSION = YES;
				CLANG_WARN_OBJC_ROOT_CLASS = YES_ERROR;
				CLANG_WARN_QUOTED_INCLUDE_IN_FRAMEWORK_HEADER = YES;
				CLANG_WARN_RANGE_LOOP_ANALYSIS = YES;
				CLANG_WARN_STRICT_PROTOTYPES = YES;
				CLANG_WARN_SUSPICIOUS_MOVE = YES;
				CLANG_WARN_UNGUARDED_AVAILABILITY = YES_AGGRESSIVE;
				CLANG_WARN_UNREACHABLE_CODE = YES;
				CLANG_WARN__DUPLICATE_METHOD_MATCH = YES;
				COPY_PHASE_STRIP = NO;
				DEBUG_INFORMATION_FORMAT = "dwarf-with-dsym";
				ENABLE_NS_ASSERTIONS = NO;
				ENABLE_STRICT_OBJC_MSGSEND = YES;
				GCC_C_LANGUAGE_STANDARD = gnu11;
				GCC_NO_COMMON_BLOCKS = YES;
				GCC_WARN_64_TO_32_BIT_CONVERSION = YES;
				GCC_WARN_ABOUT_RETURN_TYPE = YES_ERROR;
				GCC_WARN_UNDECLARED_SELECTOR = YES;
				GCC_WARN_UNINITIALIZED_AUTOS = YES_AGGRESSIVE;
				GCC_WARN_UNUSED_FUNCTION = YES;
				GCC_WARN_UNUSED_VARIABLE = YES;
				IPHONEOS_DEPLOYMENT_TARGET = 11.0;
				MTL_ENABLE_DEBUG_INFO = NO;
				MTL_FAST_MATH = YES;
				SDKROOT = iphoneos;
				SWIFT_COMPILATION_MODE = wholemodule;
				SWIFT_OPTIMIZATION_LEVEL = "-O";
				VALIDATE_PRODUCT = YES;
			};
			name = Release;
		};
		42EFB07B26CB0051006DD74A /* Debug */ = {
			isa = XCBuildConfiguration;
			buildSettings = {
				ASSETCATALOG_COMPILER_APPICON_NAME = AppIcon;
				ASSETCATALOG_COMPILER_GLOBAL_ACCENT_COLOR_NAME = AccentColor;
				CODE_SIGN_STYLE = Automatic;
				DEVELOPMENT_TEAM = V9WUS7ZBGW;
				INFOPLIST_FILE = "Next-Stop/Info.plist";
				IPHONEOS_DEPLOYMENT_TARGET = 11.0;
				LD_RUNPATH_SEARCH_PATHS = (
					"$(inherited)",
					"@executable_path/Frameworks",
				);
				PRODUCT_BUNDLE_IDENTIFIER = "eus.aitorzubizarreta.Next-Stop";
				PRODUCT_NAME = "$(TARGET_NAME)";
				SWIFT_VERSION = 5.0;
				TARGETED_DEVICE_FAMILY = "1,2";
			};
			name = Debug;
		};
		42EFB07C26CB0051006DD74A /* Release */ = {
			isa = XCBuildConfiguration;
			buildSettings = {
				ASSETCATALOG_COMPILER_APPICON_NAME = AppIcon;
				ASSETCATALOG_COMPILER_GLOBAL_ACCENT_COLOR_NAME = AccentColor;
				CODE_SIGN_STYLE = Automatic;
				DEVELOPMENT_TEAM = V9WUS7ZBGW;
				INFOPLIST_FILE = "Next-Stop/Info.plist";
				IPHONEOS_DEPLOYMENT_TARGET = 11.0;
				LD_RUNPATH_SEARCH_PATHS = (
					"$(inherited)",
					"@executable_path/Frameworks",
				);
				PRODUCT_BUNDLE_IDENTIFIER = "eus.aitorzubizarreta.Next-Stop";
				PRODUCT_NAME = "$(TARGET_NAME)";
				SWIFT_VERSION = 5.0;
				TARGETED_DEVICE_FAMILY = "1,2";
			};
			name = Release;
		};
/* End XCBuildConfiguration section */

/* Begin XCConfigurationList section */
		42EFB06126CB0050006DD74A /* Build configuration list for PBXProject "Next-Stop" */ = {
			isa = XCConfigurationList;
			buildConfigurations = (
				42EFB07826CB0051006DD74A /* Debug */,
				42EFB07926CB0051006DD74A /* Release */,
			);
			defaultConfigurationIsVisible = 0;
			defaultConfigurationName = Release;
		};
		42EFB07A26CB0051006DD74A /* Build configuration list for PBXNativeTarget "Next-Stop" */ = {
			isa = XCConfigurationList;
			buildConfigurations = (
				42EFB07B26CB0051006DD74A /* Debug */,
				42EFB07C26CB0051006DD74A /* Release */,
			);
			defaultConfigurationIsVisible = 0;
			defaultConfigurationName = Release;
		};
/* End XCConfigurationList section */
	};
	rootObject = 42EFB05E26CB0050006DD74A /* Project object */;
}
